
Microsoft Visual Studio Solution File, Format Version 12.00
# Visual Studio 2013
VisualStudioVersion = 12.0.30501.0
MinimumVisualStudioVersion = 10.0.40219.1
Project("{FAE04EC0-301F-11D3-BF4B-00C04F79EFBC}") = "TenantURL", "TenantURL\TenantURL.csproj", "{5D3E6051-C047-4836-AB05-1CE92C81BD32}"
EndProject
Project("{FAE04EC0-301F-11D3-BF4B-00C04F79EFBC}") = "TenantID", "TenantID\TenantID.csproj", "{EC35805D-7310-4F1F-B348-4C244976CCF2}"
EndProject
Global
	GlobalSection(SolutionConfigurationPlatforms) = preSolution
		Debug|Any CPU = Debug|Any CPU
		Release|Any CPU = Release|Any CPU
	EndGlobalSection
	GlobalSection(ProjectConfigurationPlatforms) = postSolution
		{5D3E6051-C047-4836-AB05-1CE92C81BD32}.Debug|Any CPU.ActiveCfg = Debug|Any CPU
		{5D3E6051-C047-4836-AB05-1CE92C81BD32}.Debug|Any CPU.Build.0 = Debug|Any CPU
		{5D3E6051-C047-4836-AB05-1CE92C81BD32}.Release|Any CPU.ActiveCfg = Release|Any CPU
		{5D3E6051-C047-4836-AB05-1CE92C81BD32}.Release|Any CPU.Build.0 = Release|Any CPU
		{EC35805D-7310-4F1F-B348-4C244976CCF2}.Debug|Any CPU.ActiveCfg = Debug|Any CPU
		{EC35805D-7310-4F1F-B348-4C244976CCF2}.Debug|Any CPU.Build.0 = Debug|Any CPU
		{EC35805D-7310-4F1F-B348-4C244976CCF2}.Release|Any CPU.ActiveCfg = Release|Any CPU
		{EC35805D-7310-4F1F-B348-4C244976CCF2}.Release|Any CPU.Build.0 = Release|Any CPU
	EndGlobalSection
	GlobalSection(SolutionProperties) = preSolution
		HideSolutionNode = FALSE
	EndGlobalSection
EndGlobal
